
Microsoft Visual Studio Solution File, Format Version 12.00
# Visual Studio 14
VisualStudioVersion = 14.0.24720.0
MinimumVisualStudioVersion = 10.0.40219.1
Project("{FAE04EC0-301F-11D3-BF4B-00C04F79EFBC}") = "GlumEngine2D", "GlumEngine2D\GlumEngine2D.csproj", "{12D6DAF4-2F71-49A5-84EA-AF63A9F9C320}"
EndProject
Global
	GlobalSection(SolutionConfigurationPlatforms) = preSolution
		Debug|Any CPU = Debug|Any CPU
		Release|Any CPU = Release|Any CPU
	EndGlobalSection
	GlobalSection(ProjectConfigurationPlatforms) = postSolution
		{12D6DAF4-2F71-49A5-84EA-AF63A9F9C320}.Debug|Any CPU.ActiveCfg = Debug|Any CPU
		{12D6DAF4-2F71-49A5-84EA-AF63A9F9C320}.Debug|Any CPU.Build.0 = Debug|Any CPU
		{12D6DAF4-2F71-49A5-84EA-AF63A9F9C320}.Release|Any CPU.ActiveCfg = Release|Any CPU
		{12D6DAF4-2F71-49A5-84EA-AF63A9F9C320}.Release|Any CPU.Build.0 = Release|Any CPU
	EndGlobalSection
	GlobalSection(SolutionProperties) = preSolution
		HideSolutionNode = FALSE
	EndGlobalSection
EndGlobal
